{
  "name": "llama-cpp-bindings-coverage-check",
  "lockfileVersion": 3,
  "requires": true,
  "packages": {
    "": {
      "name": "llama-cpp-bindings-coverage-check",
      "devDependencies": {
        "@intentee/rust-coverage-check": "^0.2.0"
      }
    },
    "node_modules/@intentee/rust-coverage-check": {
      "version": "0.2.0",
      "resolved": "https://registry.npmjs.org/@intentee/rust-coverage-check/-/rust-coverage-check-0.2.0.tgz",
      "integrity": "sha512-RRCHxYdYLk5SjmBw4YAOsaE3GwjJYuzhpY/Gaz8frW0dLqXZNBz5Xtd2k79dI8januHjLDjH12/vYNHOoHNsSw==",
      "dev": true,
      "license": "MIT",
      "bin": {
        "rust-coverage-check": "src/main.mjs"
      },
      "engines": {
        "node": ">=24.0.0"
      }
    }
  }
}
